
Microsoft Visual Studio Solution File, Format Version 12.00
# Visual Studio Version 17
VisualStudioVersion = 17.7.34031.279
MinimumVisualStudioVersion = 10.0.40219.1
Project("{FAE04EC0-301F-11D3-BF4B-00C04F79EFBC}") = "OLYMPIC CONTEST CONTROL", "OLYMPIC CONTEST CONTROL\OLYMPIC CONTEST CONTROL.csproj", "{1A8C2618-84B0-4843-9AE2-D061CE46D679}"
EndProject
Global
	GlobalSection(SolutionConfigurationPlatforms) = preSolution
		Debug|Any CPU = Debug|Any CPU
		Release|Any CPU = Release|Any CPU
	EndGlobalSection
	GlobalSection(ProjectConfigurationPlatforms) = postSolution
		{1A8C2618-84B0-4843-9AE2-D061CE46D679}.Debug|Any CPU.ActiveCfg = Debug|Any CPU
		{1A8C2618-84B0-4843-9AE2-D061CE46D679}.Debug|Any CPU.Build.0 = Debug|Any CPU
		{1A8C2618-84B0-4843-9AE2-D061CE46D679}.Release|Any CPU.ActiveCfg = Release|Any CPU
		{1A8C2618-84B0-4843-9AE2-D061CE46D679}.Release|Any CPU.Build.0 = Release|Any CPU
	EndGlobalSection
	GlobalSection(SolutionProperties) = preSolution
		HideSolutionNode = FALSE
	EndGlobalSection
	GlobalSection(ExtensibilityGlobals) = postSolution
		SolutionGuid = {67C1E15C-F808-4F15-B717-D9DDAAE44FB2}
	EndGlobalSection
EndGlobal
